{
  "name": "token-fox",
  "version": "1.1.1",
  "lockfileVersion": 2,
  "requires": true,
  "packages": {
    "": {
      "name": "token-fox",
      "version": "1.1.1",
      "license": "ISC",
      "dependencies": {
        "foxweb-node": "^1.0.7"
      }
    },
    "node_modules/foxweb-node": {
      "version": "1.0.7",
      "resolved": "https://registry.npmjs.org/foxweb-node/-/foxweb-node-1.0.7.tgz",
      "integrity": "sha512-1DtGOvJP+6vyQvXvFtRn2Klt637wMPPVj5UW4YNHUxnUkqncgarzwTHM6oEqpGuaquaIbrIxQuJwd6/Ky14Svw=="
    }
  },
  "dependencies": {
    "foxweb-node": {
      "version": "1.0.7",
      "resolved": "https://registry.npmjs.org/foxweb-node/-/foxweb-node-1.0.7.tgz",
      "integrity": "sha512-1DtGOvJP+6vyQvXvFtRn2Klt637wMPPVj5UW4YNHUxnUkqncgarzwTHM6oEqpGuaquaIbrIxQuJwd6/Ky14Svw=="
    }
  }
}
